
Microsoft Visual Studio Solution File, Format Version 12.00
# Visual Studio Version 17
VisualStudioVersion = 17.10.35013.160
MinimumVisualStudioVersion = 10.0.40219.1
Project("{FAE04EC0-301F-11D3-BF4B-00C04F79EFBC}") = "Ticket bonito", "Ticket bonito.csproj", "{D2B514D4-5608-40E3-BB79-11C2197F6E4D}"
EndProject
Global
	GlobalSection(SolutionConfigurationPlatforms) = preSolution
		Debug|Any CPU = Debug|Any CPU
		Release|Any CPU = Release|Any CPU
	EndGlobalSection
	GlobalSection(ProjectConfigurationPlatforms) = postSolution
		{D2B514D4-5608-40E3-BB79-11C2197F6E4D}.Debug|Any CPU.ActiveCfg = Debug|Any CPU
		{D2B514D4-5608-40E3-BB79-11C2197F6E4D}.Debug|Any CPU.Build.0 = Debug|Any CPU
		{D2B514D4-5608-40E3-BB79-11C2197F6E4D}.Release|Any CPU.ActiveCfg = Release|Any CPU
		{D2B514D4-5608-40E3-BB79-11C2197F6E4D}.Release|Any CPU.Build.0 = Release|Any CPU
	EndGlobalSection
	GlobalSection(SolutionProperties) = preSolution
		HideSolutionNode = FALSE
	EndGlobalSection
	GlobalSection(ExtensibilityGlobals) = postSolution
		SolutionGuid = {BF824A9C-8DBD-4C9C-AE6A-DB56007AD191}
	EndGlobalSection
EndGlobal
